
Microsoft Visual Studio Solution File, Format Version 12.00
# Visual Studio Version 17
VisualStudioVersion = 17.4.33103.184
MinimumVisualStudioVersion = 10.0.40219.1
Project("{FAE04EC0-301F-11D3-BF4B-00C04F79EFBC}") = "Commandline-Generator-Backend", "Commandline-Generator-Backend\Commandline-Generator-Backend.csproj", "{863CA284-1AA2-4E90-A875-E7C5CB1B521C}"
EndProject
Global
	GlobalSection(SolutionConfigurationPlatforms) = preSolution
		Debug|Any CPU = Debug|Any CPU
		Release|Any CPU = Release|Any CPU
	EndGlobalSection
	GlobalSection(ProjectConfigurationPlatforms) = postSolution
		{863CA284-1AA2-4E90-A875-E7C5CB1B521C}.Debug|Any CPU.ActiveCfg = Debug|Any CPU
		{863CA284-1AA2-4E90-A875-E7C5CB1B521C}.Debug|Any CPU.Build.0 = Debug|Any CPU
		{863CA284-1AA2-4E90-A875-E7C5CB1B521C}.Release|Any CPU.ActiveCfg = Release|Any CPU
		{863CA284-1AA2-4E90-A875-E7C5CB1B521C}.Release|Any CPU.Build.0 = Release|Any CPU
	EndGlobalSection
	GlobalSection(SolutionProperties) = preSolution
		HideSolutionNode = FALSE
	EndGlobalSection
	GlobalSection(ExtensibilityGlobals) = postSolution
		SolutionGuid = {6F0F4A84-23E0-4244-B6FD-DEE45E06B184}
	EndGlobalSection
EndGlobal
